// !$*UTF8*$!
{
	archiveVersion = 1;
	classes = {
	};
	objectVersion = 46;
	objects = {

/* Begin PBXBuildFile section */
		99CCC03C19F49BED004FD494 /* main.cpp in Sources */ = {isa = PBXBuildFile; fileRef = 99CCC03B19F49BED004FD494 /* main.cpp */; };
		99CCC04719F4AAB0004FD494 /* CTask.cpp in Sources */ = {isa = PBXBuildFile; fileRef = 99CCC04519F4AAB0004FD494 /* CTask.cpp */; };
		99CCC04A19F4ADCE004FD494 /* CThreadPool.cpp in Sources */ = {isa = PBXBuildFile; fileRef = 99CCC04819F4ADCE004FD494 /* CThreadPool.cpp */; };
		99CCC04D19F4B41E004FD494 /* TestTask.cpp in Sources */ = {isa = PBXBuildFile; fileRef = 99CCC04B19F4B41E004FD494 /* TestTask.cpp */; };
/* End PBXBuildFile section */

/* Begin PBXCopyFilesBuildPhase section */
		99CCC03619F49BED004FD494 /* CopyFiles */ = {
			isa = PBXCopyFilesBuildPhase;
			buildActionMask = 2147483647;
			dstPath = /usr/share/man/man1/;
			dstSubfolderSpec = 0;
			files = (
			);
			runOnlyForDeploymentPostprocessing = 1;
		};
/* End PBXCopyFilesBuildPhase section */

/* Begin PBXFileReference section */
		99CCC03819F49BED004FD494 /* ThreadPoolDemo */ = {isa = PBXFileReference; explicitFileType = "compiled.mach-o.executable"; includeInIndex = 0; path = ThreadPoolDemo; sourceTree = BUILT_PRODUCTS_DIR; };
		99CCC03B19F49BED004FD494 /* main.cpp */ = {isa = PBXFileReference; lastKnownFileType = sourcecode.cpp.cpp; path = main.cpp; sourceTree = "<group>"; };
		99CCC04519F4AAB0004FD494 /* CTask.cpp */ = {isa = PBXFileReference; fileEncoding = 4; lastKnownFileType = sourcecode.cpp.cpp; path = CTask.cpp; sourceTree = "<group>"; };
		99CCC04619F4AAB0004FD494 /* CTask.h */ = {isa = PBXFileReference; fileEncoding = 4; lastKnownFileType = sourcecode.c.h; path = CTask.h; sourceTree = "<group>"; };
		99CCC04819F4ADCE004FD494 /* CThreadPool.cpp */ = {isa = PBXFileReference; fileEncoding = 4; lastKnownFileType = sourcecode.cpp.cpp; path = CThreadPool.cpp; sourceTree = "<group>"; };
		99CCC04919F4ADCE004FD494 /* CThreadPool.h */ = {isa = PBXFileReference; fileEncoding = 4; lastKnownFileType = sourcecode.c.h; path = CThreadPool.h; sourceTree = "<group>"; };
		99CCC04B19F4B41E004FD494 /* TestTask.cpp */ = {isa = PBXFileReference; fileEncoding = 4; lastKnownFileType = sourcecode.cpp.cpp; path = TestTask.cpp; sourceTree = "<group>"; };
		99CCC04C19F4B41E004FD494 /* TestTask.h */ = {isa = PBXFileReference; fileEncoding = 4; lastKnownFileType = sourcecode.c.h; path = TestTask.h; sourceTree = "<group>"; };
/* End PBXFileReference section */

/* Begin PBXFrameworksBuildPhase section */
		99CCC03519F49BED004FD494 /* Frameworks */ = {
			isa = PBXFrameworksBuildPhase;
			buildActionMask = 2147483647;
			files = (
			);
			runOnlyForDeploymentPostprocessing = 0;
		};
/* End PBXFrameworksBuildPhase section */

/* Begin PBXGroup section */
		99CCC02F19F49BED004FD494 = {
			isa = PBXGroup;
			children = (
				99CCC03A19F49BED004FD494 /* ThreadPoolDemo */,
				99CCC03919F49BED004FD494 /* Products */,
			);
			sourceTree = "<group>";
		};
		99CCC03919F49BED004FD494 /* Products */ = {
			isa = PBXGroup;
			children = (
				99CCC03819F49BED004FD494 /* ThreadPoolDemo */,
			);
			name = Products;
			sourceTree = "<group>";
		};
		99CCC03A19F49BED004FD494 /* ThreadPoolDemo */ = {
			isa = PBXGroup;
			children = (
				99CCC03B19F49BED004FD494 /* main.cpp */,
				99CCC04519F4AAB0004FD494 /* CTask.cpp */,
				99CCC04619F4AAB0004FD494 /* CTask.h */,
				99CCC04819F4ADCE004FD494 /* CThreadPool.cpp */,
				99CCC04919F4ADCE004FD494 /* CThreadPool.h */,
				99CCC04B19F4B41E004FD494 /* TestTask.cpp */,
				99CCC04C19F4B41E004FD494 /* TestTask.h */,
			);
			path = ThreadPoolDemo;
			sourceTree = "<group>";
		};
/* End PBXGroup section */

/* Begin PBXNativeTarget section */
		99CCC03719F49BED004FD494 /* ThreadPoolDemo */ = {
			isa = PBXNativeTarget;
			buildConfigurationList = 99CCC03F19F49BED004FD494 /* Build configuration list for PBXNativeTarget "ThreadPoolDemo" */;
			buildPhases = (
				99CCC03419F49BED004FD494 /* Sources */,
				99CCC03519F49BED004FD494 /* Frameworks */,
				99CCC03619F49BED004FD494 /* CopyFiles */,
			);
			buildRules = (
			);
			dependencies = (
			);
			name = ThreadPoolDemo;
			productName = ThreadPoolDemo;
			productReference = 99CCC03819F49BED004FD494 /* ThreadPoolDemo */;
			productType = "com.apple.product-type.tool";
		};
/* End PBXNativeTarget section */

/* Begin PBXProject section */
		99CCC03019F49BED004FD494 /* Project object */ = {
			isa = PBXProject;
			attributes = {
				LastUpgradeCheck = 0600;
				ORGANIZATIONNAME = Ltian;
				TargetAttributes = {
					99CCC03719F49BED004FD494 = {
						CreatedOnToolsVersion = 6.0.1;
					};
				};
			};
			buildConfigurationList = 99CCC03319F49BED004FD494 /* Build configuration list for PBXProject "ThreadPoolDemo" */;
			compatibilityVersion = "Xcode 3.2";
			developmentRegion = English;
			hasScannedForEncodings = 0;
			knownRegions = (
				en,
			);
			mainGroup = 99CCC02F19F49BED004FD494;
			productRefGroup = 99CCC03919F49BED004FD494 /* Products */;
			projectDirPath = "";
			projectRoot = "";
			targets = (
				99CCC03719F49BED004FD494 /* ThreadPoolDemo */,
			);
		};
/* End PBXProject section */

/* Begin PBXSourcesBuildPhase section */
		99CCC03419F49BED004FD494 /* Sources */ = {
			isa = PBXSourcesBuildPhase;
			buildActionMask = 2147483647;
			files = (
				99CCC04D19F4B41E004FD494 /* TestTask.cpp in Sources */,
				99CCC03C19F49BED004FD494 /* main.cpp in Sources */,
				99CCC04A19F4ADCE004FD494 /* CThreadPool.cpp in Sources */,
				99CCC04719F4AAB0004FD494 /* CTask.cpp in Sources */,
			);
			runOnlyForDeploymentPostprocessing = 0;
		};
/* End PBXSourcesBuildPhase section */

/* Begin XCBuildConfiguration section */
		99CCC03D19F49BED004FD494 /* Debug */ = {
			isa = XCBuildConfiguration;
			buildSettings = {
				ALWAYS_SEARCH_USER_PATHS = NO;
				CLANG_CXX_LANGUAGE_STANDARD = "gnu++0x";
				CLANG_CXX_LIBRARY = "libc++";
				CLANG_ENABLE_MODULES = YES;
				CLANG_ENABLE_OBJC_ARC = YES;
				CLANG_WARN_BOOL_CONVERSION = YES;
				CLANG_WARN_CONSTANT_CONVERSION = YES;
				CLANG_WARN_DIRECT_OBJC_ISA_USAGE = YES_ERROR;
				CLANG_WARN_EMPTY_BODY = YES;
				CLANG_WARN_ENUM_CONVERSION = YES;
				CLANG_WARN_INT_CONVERSION = YES;
				CLANG_WARN_OBJC_ROOT_CLASS = YES_ERROR;
				CLANG_WARN_UNREACHABLE_CODE = YES;
				CLANG_WARN__DUPLICATE_METHOD_MATCH = YES;
				COPY_PHASE_STRIP = NO;
				ENABLE_STRICT_OBJC_MSGSEND = YES;
				GCC_C_LANGUAGE_STANDARD = gnu99;
				GCC_DYNAMIC_NO_PIC = NO;
				GCC_OPTIMIZATION_LEVEL = 0;
				GCC_PREPROCESSOR_DEFINITIONS = (
					"DEBUG=1",
					"$(inherited)",
				);
				GCC_SYMBOLS_PRIVATE_EXTERN = NO;
				GCC_WARN_64_TO_32_BIT_CONVERSION = YES;
				GCC_WARN_ABOUT_RETURN_TYPE = YES_ERROR;
				GCC_WARN_UNDECLARED_SELECTOR = YES;
				GCC_WARN_UNINITIALIZED_AUTOS = YES_AGGRESSIVE;
				GCC_WARN_UNUSED_FUNCTION = YES;
				GCC_WARN_UNUSED_VARIABLE = YES;
				MACOSX_DEPLOYMENT_TARGET = 10.10;
				MTL_ENABLE_DEBUG_INFO = YES;
				ONLY_ACTIVE_ARCH = YES;
				SDKROOT = macosx;
			};
			name = Debug;
		};
		99CCC03E19F49BED004FD494 /* Release */ = {
			isa = XCBuildConfiguration;
			buildSettings = {
				ALWAYS_SEARCH_USER_PATHS = NO;
				CLANG_CXX_LANGUAGE_STANDARD = "gnu++0x";
				CLANG_CXX_LIBRARY = "libc++";
				CLANG_ENABLE_MODULES = YES;
				CLANG_ENABLE_OBJC_ARC = YES;
				CLANG_WARN_BOOL_CONVERSION = YES;
				CLANG_WARN_CONSTANT_CONVERSION = YES;
				CLANG_WARN_DIRECT_OBJC_ISA_USAGE = YES_ERROR;
				CLANG_WARN_EMPTY_BODY = YES;
				CLANG_WARN_ENUM_CONVERSION = YES;
				CLANG_WARN_INT_CONVERSION = YES;
				CLANG_WARN_OBJC_ROOT_CLASS = YES_ERROR;
				CLANG_WARN_UNREACHABLE_CODE = YES;
				CLANG_WARN__DUPLICATE_METHOD_MATCH = YES;
				COPY_PHASE_STRIP = YES;
				DEBUG_INFORMATION_FORMAT = "dwarf-with-dsym";
				ENABLE_NS_ASSERTIONS = NO;
				ENABLE_STRICT_OBJC_MSGSEND = YES;
				GCC_C_LANGUAGE_STANDARD = gnu99;
				GCC_WARN_64_TO_32_BIT_CONVERSION = YES;
				GCC_WARN_ABOUT_RETURN_TYPE = YES_ERROR;
				GCC_WARN_UNDECLARED_SELECTOR = YES;
				GCC_WARN_UNINITIALIZED_AUTOS = YES_AGGRESSIVE;
				GCC_WARN_UNUSED_FUNCTION = YES;
				GCC_WARN_UNUSED_VARIABLE = YES;
				MACOSX_DEPLOYMENT_TARGET = 10.10;
				MTL_ENABLE_DEBUG_INFO = NO;
				SDKROOT = macosx;
			};
			name = Release;
		};
		99CCC04019F49BED004FD494 /* Debug */ = {
			isa = XCBuildConfiguration;
			buildSettings = {
				PRODUCT_NAME = "$(TARGET_NAME)";
			};
			name = Debug;
		};
		99CCC04119F49BED004FD494 /* Release */ = {
			isa = XCBuildConfiguration;
			buildSettings = {
				PRODUCT_NAME = "$(TARGET_NAME)";
			};
			name = Release;
		};
/* End XCBuildConfiguration section */

/* Begin XCConfigurationList section */
		99CCC03319F49BED004FD494 /* Build configuration list for PBXProject "ThreadPoolDemo" */ = {
			isa = XCConfigurationList;
			buildConfigurations = (
				99CCC03D19F49BED004FD494 /* Debug */,
				99CCC03E19F49BED004FD494 /* Release */,
			);
			defaultConfigurationIsVisible = 0;
			defaultConfigurationName = Release;
		};
		99CCC03F19F49BED004FD494 /* Build configuration list for PBXNativeTarget "ThreadPoolDemo" */ = {
			isa = XCConfigurationList;
			buildConfigurations = (
				99CCC04019F49BED004FD494 /* Debug */,
				99CCC04119F49BED004FD494 /* Release */,
			);
			defaultConfigurationIsVisible = 0;
		};
/* End XCConfigurationList section */
	};
	rootObject = 99CCC03019F49BED004FD494 /* Project object */;
}
